{
  "name": "TP4-WebVR",
  "lockfileVersion": 3,
  "requires": true,
  "packages": {
    "": {
      "dependencies": {
        "super-hands": "^3.0.5"
      }
    },
    "node_modules/super-hands": {
      "version": "3.0.5",
      "resolved": "https://registry.npmjs.org/super-hands/-/super-hands-3.0.5.tgz",
      "integrity": "sha512-jMNlagbDLAapk4hkeCI6kgbX8huid/AFXFI+aq3NmSozFnAizP52mCwNBQeiWwTE1iF7uZ0hT5VHAvRfqgcKkg==",
      "license": "MIT"
    }
  }
}
